
Microsoft Visual Studio Solution File, Format Version 12.00
# Visual Studio Version 17
VisualStudioVersion = 17.12.35527.113 d17.12
MinimumVisualStudioVersion = 10.0.40219.1
Project("{FAE04EC0-301F-11D3-BF4B-00C04F79EFBC}") = "Manifold.GfzCli.UnitTests", "Manifold.GfzCli.UnitTests.csproj", "{E88E7190-A091-40E4-83B3-6BB2CD427A05}"
EndProject
Project("{FAE04EC0-301F-11D3-BF4B-00C04F79EFBC}") = "gfz-cli", "..\gfz-cli\gfz-cli.csproj", "{76DD49CA-2BE7-43A6-AD51-655FCE0A94D0}"
EndProject
Global
	GlobalSection(SolutionConfigurationPlatforms) = preSolution
		Debug|Any CPU = Debug|Any CPU
		Release|Any CPU = Release|Any CPU
	EndGlobalSection
	GlobalSection(ProjectConfigurationPlatforms) = postSolution
		{E88E7190-A091-40E4-83B3-6BB2CD427A05}.Debug|Any CPU.ActiveCfg = Debug|Any CPU
		{E88E7190-A091-40E4-83B3-6BB2CD427A05}.Debug|Any CPU.Build.0 = Debug|Any CPU
		{E88E7190-A091-40E4-83B3-6BB2CD427A05}.Release|Any CPU.ActiveCfg = Release|Any CPU
		{E88E7190-A091-40E4-83B3-6BB2CD427A05}.Release|Any CPU.Build.0 = Release|Any CPU
		{76DD49CA-2BE7-43A6-AD51-655FCE0A94D0}.Debug|Any CPU.ActiveCfg = Debug|Any CPU
		{76DD49CA-2BE7-43A6-AD51-655FCE0A94D0}.Debug|Any CPU.Build.0 = Debug|Any CPU
		{76DD49CA-2BE7-43A6-AD51-655FCE0A94D0}.Release|Any CPU.ActiveCfg = Release|Any CPU
		{76DD49CA-2BE7-43A6-AD51-655FCE0A94D0}.Release|Any CPU.Build.0 = Release|Any CPU
	EndGlobalSection
	GlobalSection(SolutionProperties) = preSolution
		HideSolutionNode = FALSE
	EndGlobalSection
EndGlobal
